// !$*UTF8*$!
{
	archiveVersion = 1;
	classes = {
	};
	objectVersion = 55;
	objects = {

/* Begin PBXBuildFile section */
		302DBC0629B8D29B00238246 /* NodeConnectionUtil.swift in Sources */ = {isa = PBXBuildFile; fileRef = 302DBC0529B8D29B00238246 /* NodeConnectionUtil.swift */; };
		302DBC0829B8D7A700238246 /* GamepadServiceUtil.swift in Sources */ = {isa = PBXBuildFile; fileRef = 302DBC0729B8D7A700238246 /* GamepadServiceUtil.swift */; };
		302DBC1D29BB680100238246 /* NodeStatus.swift in Sources */ = {isa = PBXBuildFile; fileRef = 302DBC1C29BB680100238246 /* NodeStatus.swift */; };
		DF68EC0B2AA2FFD400150404 /* SlowMode.swift in Sources */ = {isa = PBXBuildFile; fileRef = DF68EC0A2AA2FFD400150404 /* SlowMode.swift */; };
		DF74CEDE2A50518B004AF2D2 /* DataFormat.swift in Sources */ = {isa = PBXBuildFile; fileRef = DF74CEDD2A50518B004AF2D2 /* DataFormat.swift */; };
		DF9346682AAC039E00A39605 /* TriggerSlider in Frameworks */ = {isa = PBXBuildFile; productRef = DF9346672AAC039E00A39605 /* TriggerSlider */; };
		FB787E8B28AE7E1E0058F548 /* icons in Resources */ = {isa = PBXBuildFile; fileRef = FB787E8A28AE7E1E0058F548 /* icons */; };
		FB7BEA0C28D5B6010054BCBB /* EmergencyCall.swift in Sources */ = {isa = PBXBuildFile; fileRef = FB7BEA0B28D5B6010054BCBB /* EmergencyCall.swift */; };
		FB8D25A8285D94BC000F0F35 /* SmartController3App.swift in Sources */ = {isa = PBXBuildFile; fileRef = FB8D25A7285D94BC000F0F35 /* SmartController3App.swift */; };
		FB8D25AA285D94BC000F0F35 /* ContentView.swift in Sources */ = {isa = PBXBuildFile; fileRef = FB8D25A9285D94BC000F0F35 /* ContentView.swift */; };
		FB8D25AC285D94BD000F0F35 /* Assets.xcassets in Resources */ = {isa = PBXBuildFile; fileRef = FB8D25AB285D94BD000F0F35 /* Assets.xcassets */; };
		FB8D25AF285D94BD000F0F35 /* Preview Assets.xcassets in Resources */ = {isa = PBXBuildFile; fileRef = FB8D25AE285D94BD000F0F35 /* Preview Assets.xcassets */; };
		FB8D25B6285D9502000F0F35 /* GamepadServiceMain.swift in Sources */ = {isa = PBXBuildFile; fileRef = FB8D25B5285D9502000F0F35 /* GamepadServiceMain.swift */; };
		FB8D25BA285DB2C5000F0F35 /* SystemInfo.swift in Sources */ = {isa = PBXBuildFile; fileRef = FB8D25B9285DB2C5000F0F35 /* SystemInfo.swift */; };
		FB8D25BC285DEABE000F0F35 /* ControllerInfomationWidget.swift in Sources */ = {isa = PBXBuildFile; fileRef = FB8D25BB285DEABE000F0F35 /* ControllerInfomationWidget.swift */; };
		FB8D25BE285EAFB3000F0F35 /* NodeConnectionMain.swift in Sources */ = {isa = PBXBuildFile; fileRef = FB8D25BD285EAFB3000F0F35 /* NodeConnectionMain.swift */; };
/* End PBXBuildFile section */

/* Begin PBXFileReference section */
		302DBC0529B8D29B00238246 /* NodeConnectionUtil.swift */ = {isa = PBXFileReference; lastKnownFileType = sourcecode.swift; path = NodeConnectionUtil.swift; sourceTree = "<group>"; };
		302DBC0729B8D7A700238246 /* GamepadServiceUtil.swift */ = {isa = PBXFileReference; lastKnownFileType = sourcecode.swift; path = GamepadServiceUtil.swift; sourceTree = "<group>"; };
		302DBC1C29BB680100238246 /* NodeStatus.swift */ = {isa = PBXFileReference; lastKnownFileType = sourcecode.swift; path = NodeStatus.swift; sourceTree = "<group>"; };
		DF68EC0A2AA2FFD400150404 /* SlowMode.swift */ = {isa = PBXFileReference; lastKnownFileType = sourcecode.swift; path = SlowMode.swift; sourceTree = "<group>"; };
		DF74CEDD2A50518B004AF2D2 /* DataFormat.swift */ = {isa = PBXFileReference; lastKnownFileType = sourcecode.swift; path = DataFormat.swift; sourceTree = "<group>"; };
		DF781ADE2A90B6A40018CCA5 /* SmartController3.entitlements */ = {isa = PBXFileReference; fileEncoding = 4; lastKnownFileType = text.plist.entitlements; name = SmartController3.entitlements; path = SmartController3/SmartController3.entitlements; sourceTree = "<group>"; };
		FB787E8A28AE7E1E0058F548 /* icons */ = {isa = PBXFileReference; fileEncoding = 4; lastKnownFileType = text; path = icons; sourceTree = SOURCE_ROOT; };
		FB7BEA0B28D5B6010054BCBB /* EmergencyCall.swift */ = {isa = PBXFileReference; lastKnownFileType = sourcecode.swift; path = EmergencyCall.swift; sourceTree = "<group>"; };
		FB8D25A4285D94BC000F0F35 /* SmartController3.app */ = {isa = PBXFileReference; explicitFileType = wrapper.application; includeInIndex = 0; path = SmartController3.app; sourceTree = BUILT_PRODUCTS_DIR; };
		FB8D25A7285D94BC000F0F35 /* SmartController3App.swift */ = {isa = PBXFileReference; lastKnownFileType = sourcecode.swift; path = SmartController3App.swift; sourceTree = "<group>"; };
		FB8D25A9285D94BC000F0F35 /* ContentView.swift */ = {isa = PBXFileReference; lastKnownFileType = sourcecode.swift; path = ContentView.swift; sourceTree = "<group>"; };
		FB8D25AB285D94BD000F0F35 /* Assets.xcassets */ = {isa = PBXFileReference; lastKnownFileType = folder.assetcatalog; path = Assets.xcassets; sourceTree = "<group>"; };
		FB8D25AE285D94BD000F0F35 /* Preview Assets.xcassets */ = {isa = PBXFileReference; lastKnownFileType = folder.assetcatalog; path = "Preview Assets.xcassets"; sourceTree = "<group>"; };
		FB8D25B5285D9502000F0F35 /* GamepadServiceMain.swift */ = {isa = PBXFileReference; lastKnownFileType = sourcecode.swift; path = GamepadServiceMain.swift; sourceTree = "<group>"; };
		FB8D25B9285DB2C5000F0F35 /* SystemInfo.swift */ = {isa = PBXFileReference; lastKnownFileType = sourcecode.swift; path = SystemInfo.swift; sourceTree = "<group>"; };
		FB8D25BB285DEABE000F0F35 /* ControllerInfomationWidget.swift */ = {isa = PBXFileReference; lastKnownFileType = sourcecode.swift; path = ControllerInfomationWidget.swift; sourceTree = "<group>"; };
		FB8D25BD285EAFB3000F0F35 /* NodeConnectionMain.swift */ = {isa = PBXFileReference; lastKnownFileType = sourcecode.swift; path = NodeConnectionMain.swift; sourceTree = "<group>"; };
		FBFE9D9E28D55A7600C483DE /* Info.plist */ = {isa = PBXFileReference; lastKnownFileType = text.plist; path = Info.plist; sourceTree = "<group>"; };
/* End PBXFileReference section */

/* Begin PBXFrameworksBuildPhase section */
		FB8D25A1285D94BC000F0F35 /* Frameworks */ = {
			isa = PBXFrameworksBuildPhase;
			buildActionMask = 2147483647;
			files = (
				DF9346682AAC039E00A39605 /* TriggerSlider in Frameworks */,
			);
			runOnlyForDeploymentPostprocessing = 0;
		};
/* End PBXFrameworksBuildPhase section */

/* Begin PBXGroup section */
		302DBC0429B8D27900238246 /* NodeConnection */ = {
			isa = PBXGroup;
			children = (
				FB8D25BD285EAFB3000F0F35 /* NodeConnectionMain.swift */,
				302DBC0529B8D29B00238246 /* NodeConnectionUtil.swift */,
				DF74CEDD2A50518B004AF2D2 /* DataFormat.swift */,
			);
			name = NodeConnection;
			sourceTree = "<group>";
		};
		30957B4A29B4D4F800027928 /* Interface */ = {
			isa = PBXGroup;
			children = (
				FB8D25A9285D94BC000F0F35 /* ContentView.swift */,
				FB8D25BB285DEABE000F0F35 /* ControllerInfomationWidget.swift */,
				FB7BEA0B28D5B6010054BCBB /* EmergencyCall.swift */,
				FB8D25B9285DB2C5000F0F35 /* SystemInfo.swift */,
				302DBC1C29BB680100238246 /* NodeStatus.swift */,
				DF68EC0A2AA2FFD400150404 /* SlowMode.swift */,
			);
			path = Interface;
			sourceTree = "<group>";
		};
		30957B4B29B4D51000027928 /* GamepadService */ = {
			isa = PBXGroup;
			children = (
				FB8D25B5285D9502000F0F35 /* GamepadServiceMain.swift */,
				302DBC0729B8D7A700238246 /* GamepadServiceUtil.swift */,
			);
			name = GamepadService;
			sourceTree = "<group>";
		};
		FB7BEA2A28E068810054BCBB /* src */ = {
			isa = PBXGroup;
			children = (
				FB8D25A7285D94BC000F0F35 /* SmartController3App.swift */,
				302DBC0429B8D27900238246 /* NodeConnection */,
				30957B4B29B4D51000027928 /* GamepadService */,
				30957B4A29B4D4F800027928 /* Interface */,
			);
			name = src;
			sourceTree = "<group>";
		};
		FB8D259B285D94BC000F0F35 = {
			isa = PBXGroup;
			children = (
				DF781ADE2A90B6A40018CCA5 /* SmartController3.entitlements */,
				FB8D25A6285D94BC000F0F35 /* SmartController3 */,
				FB8D25A5285D94BC000F0F35 /* Products */,
			);
			sourceTree = "<group>";
		};
		FB8D25A5285D94BC000F0F35 /* Products */ = {
			isa = PBXGroup;
			children = (
				FB8D25A4285D94BC000F0F35 /* SmartController3.app */,
			);
			name = Products;
			sourceTree = "<group>";
		};
		FB8D25A6285D94BC000F0F35 /* SmartController3 */ = {
			isa = PBXGroup;
			children = (
				FB7BEA2A28E068810054BCBB /* src */,
				FBFE9D9E28D55A7600C483DE /* Info.plist */,
				FB8D25AB285D94BD000F0F35 /* Assets.xcassets */,
				FB787E8A28AE7E1E0058F548 /* icons */,
				FB8D25AD285D94BD000F0F35 /* Preview Content */,
			);
			path = SmartController3;
			sourceTree = "<group>";
		};
		FB8D25AD285D94BD000F0F35 /* Preview Content */ = {
			isa = PBXGroup;
			children = (
				FB8D25AE285D94BD000F0F35 /* Preview Assets.xcassets */,
			);
			path = "Preview Content";
			sourceTree = "<group>";
		};
/* End PBXGroup section */

/* Begin PBXNativeTarget section */
		FB8D25A3285D94BC000F0F35 /* SmartController3 */ = {
			isa = PBXNativeTarget;
			buildConfigurationList = FB8D25B2285D94BD000F0F35 /* Build configuration list for PBXNativeTarget "SmartController3" */;
			buildPhases = (
				FB8D25A0285D94BC000F0F35 /* Sources */,
				FB8D25A1285D94BC000F0F35 /* Frameworks */,
				FB8D25A2285D94BC000F0F35 /* Resources */,
			);
			buildRules = (
			);
			dependencies = (
			);
			name = SmartController3;
			packageProductDependencies = (
				DF9346672AAC039E00A39605 /* TriggerSlider */,
			);
			productName = SmartController3;
			productReference = FB8D25A4285D94BC000F0F35 /* SmartController3.app */;
			productType = "com.apple.product-type.application";
		};
/* End PBXNativeTarget section */

/* Begin PBXProject section */
		FB8D259C285D94BC000F0F35 /* Project object */ = {
			isa = PBXProject;
			attributes = {
				BuildIndependentTargetsInParallel = 1;
				KnownAssetTags = (
					New,
				);
				LastSwiftUpdateCheck = 1340;
				LastUpgradeCheck = 1500;
				TargetAttributes = {
					FB8D25A3285D94BC000F0F35 = {
						CreatedOnToolsVersion = 13.4.1;
					};
				};
			};
			buildConfigurationList = FB8D259F285D94BC000F0F35 /* Build configuration list for PBXProject "SmartController3" */;
			compatibilityVersion = "Xcode 13.0";
			developmentRegion = en;
			hasScannedForEncodings = 0;
			knownRegions = (
				en,
				Base,
			);
			mainGroup = FB8D259B285D94BC000F0F35;
			packageReferences = (
				DF9346662AAC039D00A39605 /* XCRemoteSwiftPackageReference "TriggerSlider" */,
			);
			productRefGroup = FB8D25A5285D94BC000F0F35 /* Products */;
			projectDirPath = "";
			projectRoot = "";
			targets = (
				FB8D25A3285D94BC000F0F35 /* SmartController3 */,
			);
		};
/* End PBXProject section */

/* Begin PBXResourcesBuildPhase section */
		FB8D25A2285D94BC000F0F35 /* Resources */ = {
			isa = PBXResourcesBuildPhase;
			buildActionMask = 2147483647;
			files = (
				FB787E8B28AE7E1E0058F548 /* icons in Resources */,
				FB8D25AF285D94BD000F0F35 /* Preview Assets.xcassets in Resources */,
				FB8D25AC285D94BD000F0F35 /* Assets.xcassets in Resources */,
			);
			runOnlyForDeploymentPostprocessing = 0;
		};
/* End PBXResourcesBuildPhase section */

/* Begin PBXSourcesBuildPhase section */
		FB8D25A0285D94BC000F0F35 /* Sources */ = {
			isa = PBXSourcesBuildPhase;
			buildActionMask = 2147483647;
			files = (
				302DBC1D29BB680100238246 /* NodeStatus.swift in Sources */,
				FB8D25AA285D94BC000F0F35 /* ContentView.swift in Sources */,
				DF74CEDE2A50518B004AF2D2 /* DataFormat.swift in Sources */,
				FB7BEA0C28D5B6010054BCBB /* EmergencyCall.swift in Sources */,
				FB8D25BC285DEABE000F0F35 /* ControllerInfomationWidget.swift in Sources */,
				FB8D25B6285D9502000F0F35 /* GamepadServiceMain.swift in Sources */,
				DF68EC0B2AA2FFD400150404 /* SlowMode.swift in Sources */,
				FB8D25BA285DB2C5000F0F35 /* SystemInfo.swift in Sources */,
				FB8D25A8285D94BC000F0F35 /* SmartController3App.swift in Sources */,
				302DBC0829B8D7A700238246 /* GamepadServiceUtil.swift in Sources */,
				FB8D25BE285EAFB3000F0F35 /* NodeConnectionMain.swift in Sources */,
				302DBC0629B8D29B00238246 /* NodeConnectionUtil.swift in Sources */,
			);
			runOnlyForDeploymentPostprocessing = 0;
		};
/* End PBXSourcesBuildPhase section */

/* Begin XCBuildConfiguration section */
		FB8D25B0285D94BD000F0F35 /* Debug */ = {
			isa = XCBuildConfiguration;
			buildSettings = {
				ALWAYS_SEARCH_USER_PATHS = NO;
				CLANG_ANALYZER_NONNULL = YES;
				CLANG_ANALYZER_NUMBER_OBJECT_CONVERSION = YES_AGGRESSIVE;
				CLANG_CXX_LANGUAGE_STANDARD = "gnu++17";
				CLANG_ENABLE_MODULES = YES;
				CLANG_ENABLE_OBJC_ARC = YES;
				CLANG_ENABLE_OBJC_WEAK = YES;
				CLANG_WARN_BLOCK_CAPTURE_AUTORELEASING = YES;
				CLANG_WARN_BOOL_CONVERSION = YES;
				CLANG_WARN_COMMA = YES;
				CLANG_WARN_CONSTANT_CONVERSION = YES;
				CLANG_WARN_DEPRECATED_OBJC_IMPLEMENTATIONS = YES;
				CLANG_WARN_DIRECT_OBJC_ISA_USAGE = YES_ERROR;
				CLANG_WARN_DOCUMENTATION_COMMENTS = YES;
				CLANG_WARN_EMPTY_BODY = YES;
				CLANG_WARN_ENUM_CONVERSION = YES;
				CLANG_WARN_INFINITE_RECURSION = YES;
				CLANG_WARN_INT_CONVERSION = YES;
				CLANG_WARN_NON_LITERAL_NULL_CONVERSION = YES;
				CLANG_WARN_OBJC_IMPLICIT_RETAIN_SELF = YES;
				CLANG_WARN_OBJC_LITERAL_CONVERSION = YES;
				CLANG_WARN_OBJC_ROOT_CLASS = YES_ERROR;
				CLANG_WARN_QUOTED_INCLUDE_IN_FRAMEWORK_HEADER = YES;
				CLANG_WARN_RANGE_LOOP_ANALYSIS = YES;
				CLANG_WARN_STRICT_PROTOTYPES = YES;
				CLANG_WARN_SUSPICIOUS_MOVE = YES;
				CLANG_WARN_UNGUARDED_AVAILABILITY = YES_AGGRESSIVE;
				CLANG_WARN_UNREACHABLE_CODE = YES;
				CLANG_WARN__DUPLICATE_METHOD_MATCH = YES;
				COPY_PHASE_STRIP = NO;
				DEBUG_INFORMATION_FORMAT = dwarf;
				ENABLE_STRICT_OBJC_MSGSEND = YES;
				ENABLE_TESTABILITY = YES;
				ENABLE_USER_SCRIPT_SANDBOXING = YES;
				GCC_C_LANGUAGE_STANDARD = gnu11;
				GCC_DYNAMIC_NO_PIC = NO;
				GCC_NO_COMMON_BLOCKS = YES;
				GCC_OPTIMIZATION_LEVEL = 2;
				GCC_PREPROCESSOR_DEFINITIONS = (
					"DEBUG=1",
					"$(inherited)",
				);
				GCC_WARN_64_TO_32_BIT_CONVERSION = YES;
				GCC_WARN_ABOUT_RETURN_TYPE = YES_ERROR;
				GCC_WARN_UNDECLARED_SELECTOR = YES;
				GCC_WARN_UNINITIALIZED_AUTOS = YES_AGGRESSIVE;
				GCC_WARN_UNUSED_FUNCTION = YES;
				GCC_WARN_UNUSED_VARIABLE = YES;
				IPHONEOS_DEPLOYMENT_TARGET = 16.0;
				MTL_ENABLE_DEBUG_INFO = INCLUDE_SOURCE;
				MTL_FAST_MATH = YES;
				ONLY_ACTIVE_ARCH = YES;
				SDKROOT = iphoneos;
				SWIFT_ACTIVE_COMPILATION_CONDITIONS = DEBUG;
				SWIFT_OPTIMIZATION_LEVEL = "-Onone";
			};
			name = Debug;
		};
		FB8D25B1285D94BD000F0F35 /* Release */ = {
			isa = XCBuildConfiguration;
			buildSettings = {
				ALWAYS_SEARCH_USER_PATHS = NO;
				CLANG_ANALYZER_NONNULL = YES;
				CLANG_ANALYZER_NUMBER_OBJECT_CONVERSION = YES_AGGRESSIVE;
				CLANG_CXX_LANGUAGE_STANDARD = "gnu++17";
				CLANG_ENABLE_MODULES = YES;
				CLANG_ENABLE_OBJC_ARC = YES;
				CLANG_ENABLE_OBJC_WEAK = YES;
				CLANG_WARN_BLOCK_CAPTURE_AUTORELEASING = YES;
				CLANG_WARN_BOOL_CONVERSION = YES;
				CLANG_WARN_COMMA = YES;
				CLANG_WARN_CONSTANT_CONVERSION = YES;
				CLANG_WARN_DEPRECATED_OBJC_IMPLEMENTATIONS = YES;
				CLANG_WARN_DIRECT_OBJC_ISA_USAGE = YES_ERROR;
				CLANG_WARN_DOCUMENTATION_COMMENTS = YES;
				CLANG_WARN_EMPTY_BODY = YES;
				CLANG_WARN_ENUM_CONVERSION = YES;
				CLANG_WARN_INFINITE_RECURSION = YES;
				CLANG_WARN_INT_CONVERSION = YES;
				CLANG_WARN_NON_LITERAL_NULL_CONVERSION = YES;
				CLANG_WARN_OBJC_IMPLICIT_RETAIN_SELF = YES;
				CLANG_WARN_OBJC_LITERAL_CONVERSION = YES;
				CLANG_WARN_OBJC_ROOT_CLASS = YES_ERROR;
				CLANG_WARN_QUOTED_INCLUDE_IN_FRAMEWORK_HEADER = YES;
				CLANG_WARN_RANGE_LOOP_ANALYSIS = YES;
				CLANG_WARN_STRICT_PROTOTYPES = YES;
				CLANG_WARN_SUSPICIOUS_MOVE = YES;
				CLANG_WARN_UNGUARDED_AVAILABILITY = YES_AGGRESSIVE;
				CLANG_WARN_UNREACHABLE_CODE = YES;
				CLANG_WARN__DUPLICATE_METHOD_MATCH = YES;
				COPY_PHASE_STRIP = NO;
				DEBUG_INFORMATION_FORMAT = "dwarf-with-dsym";
				ENABLE_NS_ASSERTIONS = NO;
				ENABLE_STRICT_OBJC_MSGSEND = YES;
				ENABLE_USER_SCRIPT_SANDBOXING = YES;
				GCC_C_LANGUAGE_STANDARD = gnu11;
				GCC_NO_COMMON_BLOCKS = YES;
				GCC_OPTIMIZATION_LEVEL = 2;
				GCC_WARN_64_TO_32_BIT_CONVERSION = YES;
				GCC_WARN_ABOUT_RETURN_TYPE = YES_ERROR;
				GCC_WARN_UNDECLARED_SELECTOR = YES;
				GCC_WARN_UNINITIALIZED_AUTOS = YES_AGGRESSIVE;
				GCC_WARN_UNUSED_FUNCTION = YES;
				GCC_WARN_UNUSED_VARIABLE = YES;
				IPHONEOS_DEPLOYMENT_TARGET = 16.0;
				MTL_ENABLE_DEBUG_INFO = NO;
				MTL_FAST_MATH = YES;
				SDKROOT = iphoneos;
				SWIFT_COMPILATION_MODE = wholemodule;
				SWIFT_OPTIMIZATION_LEVEL = "-O";
				VALIDATE_PRODUCT = YES;
			};
			name = Release;
		};
		FB8D25B3285D94BD000F0F35 /* Debug */ = {
			isa = XCBuildConfiguration;
			buildSettings = {
				ASSETCATALOG_COMPILER_APPICON_NAME = AppIcon;
				ASSETCATALOG_COMPILER_GLOBAL_ACCENT_COLOR_NAME = AccentColor;
				ASSETCATALOG_COMPILER_INCLUDE_ALL_APPICON_ASSETS = YES;
				CODE_SIGN_ENTITLEMENTS = SmartController3/SmartController3.entitlements;
				CODE_SIGN_IDENTITY = "Apple Development";
				CODE_SIGN_STYLE = Automatic;
				CURRENT_PROJECT_VERSION = 2023.9.27;
				DEVELOPMENT_ASSET_PATHS = "\"SmartController3/Preview Content\"";
				DEVELOPMENT_TEAM = V9J6H8S566;
				ENABLE_PREVIEWS = YES;
				GENERATE_INFOPLIST_FILE = YES;
				INFOPLIST_FILE = SmartController3/Info.plist;
				INFOPLIST_KEY_CFBundleDisplayName = "Smart Controller";
				INFOPLIST_KEY_NSLocalNetworkUsageDescription = "Multicast uses the local network to connect with other devices around you.";
				INFOPLIST_KEY_UIApplicationSceneManifest_Generation = YES;
				INFOPLIST_KEY_UIApplicationSupportsIndirectInputEvents = YES;
				INFOPLIST_KEY_UILaunchScreen_Generation = YES;
				INFOPLIST_KEY_UIRequiresFullScreen = YES;
				INFOPLIST_KEY_UISupportedInterfaceOrientations = UIInterfaceOrientationPortrait;
				IPHONEOS_DEPLOYMENT_TARGET = 16.0;
				LD_RUNPATH_SEARCH_PATHS = (
					"$(inherited)",
					"@executable_path/Frameworks",
				);
				MARKETING_VERSION = 4.2.4;
				PRODUCT_BUNDLE_IDENTIFIER = com.smart.controller.x;
				PRODUCT_NAME = "$(TARGET_NAME)";
				PROVISIONING_PROFILE_SPECIFIER = "";
				SWIFT_EMIT_LOC_STRINGS = YES;
				SWIFT_VERSION = 5.0;
				TARGETED_DEVICE_FAMILY = "1,2";
			};
			name = Debug;
		};
		FB8D25B4285D94BD000F0F35 /* Release */ = {
			isa = XCBuildConfiguration;
			buildSettings = {
				ASSETCATALOG_COMPILER_APPICON_NAME = AppIcon;
				ASSETCATALOG_COMPILER_GLOBAL_ACCENT_COLOR_NAME = AccentColor;
				ASSETCATALOG_COMPILER_INCLUDE_ALL_APPICON_ASSETS = YES;
				CODE_SIGN_ENTITLEMENTS = SmartController3/SmartController3.entitlements;
				CODE_SIGN_IDENTITY = "Apple Development";
				CODE_SIGN_STYLE = Automatic;
				CURRENT_PROJECT_VERSION = 2023.9.27;
				DEVELOPMENT_ASSET_PATHS = "\"SmartController3/Preview Content\"";
				DEVELOPMENT_TEAM = V9J6H8S566;
				ENABLE_PREVIEWS = YES;
				GENERATE_INFOPLIST_FILE = YES;
				INFOPLIST_FILE = SmartController3/Info.plist;
				INFOPLIST_KEY_CFBundleDisplayName = "Smart Controller";
				INFOPLIST_KEY_NSLocalNetworkUsageDescription = "Multicast uses the local network to connect with other devices around you.";
				INFOPLIST_KEY_UIApplicationSceneManifest_Generation = YES;
				INFOPLIST_KEY_UIApplicationSupportsIndirectInputEvents = YES;
				INFOPLIST_KEY_UILaunchScreen_Generation = YES;
				INFOPLIST_KEY_UIRequiresFullScreen = YES;
				INFOPLIST_KEY_UISupportedInterfaceOrientations = UIInterfaceOrientationPortrait;
				IPHONEOS_DEPLOYMENT_TARGET = 16.0;
				LD_RUNPATH_SEARCH_PATHS = (
					"$(inherited)",
					"@executable_path/Frameworks",
				);
				MARKETING_VERSION = 4.2.4;
				PRODUCT_BUNDLE_IDENTIFIER = com.smart.controller.x;
				PRODUCT_NAME = "$(TARGET_NAME)";
				PROVISIONING_PROFILE_SPECIFIER = "";
				SWIFT_EMIT_LOC_STRINGS = YES;
				SWIFT_VERSION = 5.0;
				TARGETED_DEVICE_FAMILY = "1,2";
			};
			name = Release;
		};
/* End XCBuildConfiguration section */

/* Begin XCConfigurationList section */
		FB8D259F285D94BC000F0F35 /* Build configuration list for PBXProject "SmartController3" */ = {
			isa = XCConfigurationList;
			buildConfigurations = (
				FB8D25B0285D94BD000F0F35 /* Debug */,
				FB8D25B1285D94BD000F0F35 /* Release */,
			);
			defaultConfigurationIsVisible = 0;
			defaultConfigurationName = Release;
		};
		FB8D25B2285D94BD000F0F35 /* Build configuration list for PBXNativeTarget "SmartController3" */ = {
			isa = XCConfigurationList;
			buildConfigurations = (
				FB8D25B3285D94BD000F0F35 /* Debug */,
				FB8D25B4285D94BD000F0F35 /* Release */,
			);
			defaultConfigurationIsVisible = 0;
			defaultConfigurationName = Release;
		};
/* End XCConfigurationList section */

/* Begin XCRemoteSwiftPackageReference section */
		DF9346662AAC039D00A39605 /* XCRemoteSwiftPackageReference "TriggerSlider" */ = {
			isa = XCRemoteSwiftPackageReference;
			repositoryURL = "https://github.com/DominikButz/TriggerSlider.git";
			requirement = {
				kind = upToNextMajorVersion;
				minimumVersion = 0.5.0;
			};
		};
/* End XCRemoteSwiftPackageReference section */

/* Begin XCSwiftPackageProductDependency section */
		DF9346672AAC039E00A39605 /* TriggerSlider */ = {
			isa = XCSwiftPackageProductDependency;
			package = DF9346662AAC039D00A39605 /* XCRemoteSwiftPackageReference "TriggerSlider" */;
			productName = TriggerSlider;
		};
/* End XCSwiftPackageProductDependency section */
	};
	rootObject = FB8D259C285D94BC000F0F35 /* Project object */;
}
